
Microsoft Visual Studio Solution File, Format Version 12.00
# Visual Studio 2015
Project("{FAE04EC0-301F-11D3-BF4B-00C04F79EFBC}") = "BeachHacksGame.CSharp", "BeachHacksGame.CSharp.csproj", "{66B4DFA3-7C5C-5A78-5D34-C4419CB466B6}"
EndProject
Global
	GlobalSection(SolutionConfigurationPlatforms) = preSolution
		Debug|Any CPU = Debug|Any CPU
		Release|Any CPU = Release|Any CPU
	EndGlobalSection
	GlobalSection(ProjectConfigurationPlatforms) = postSolution
		{66B4DFA3-7C5C-5A78-5D34-C4419CB466B6}.Debug|Any CPU.ActiveCfg = Debug|Any CPU
		{66B4DFA3-7C5C-5A78-5D34-C4419CB466B6}.Debug|Any CPU.Build.0 = Debug|Any CPU
		{66B4DFA3-7C5C-5A78-5D34-C4419CB466B6}.Release|Any CPU.ActiveCfg = Release|Any CPU
		{66B4DFA3-7C5C-5A78-5D34-C4419CB466B6}.Release|Any CPU.Build.0 = Release|Any CPU
	EndGlobalSection
	GlobalSection(SolutionProperties) = preSolution
		HideSolutionNode = FALSE
	EndGlobalSection
EndGlobal
